
Microsoft Visual Studio Solution File, Format Version 12.00
# Visual Studio Version 17
VisualStudioVersion = 17.14.36109.1 d17.14
MinimumVisualStudioVersion = 10.0.40219.1
Project("{FAE04EC0-301F-11D3-BF4B-00C04F79EFBC}") = "PokemonTrainerSimulator", "PokemonTrainerSimulator\PokemonTrainerSimulator.csproj", "{028DC69B-1AE0-4FA0-94F2-BFFDAAD917C9}"
EndProject
Global
	GlobalSection(SolutionConfigurationPlatforms) = preSolution
		Debug|Any CPU = Debug|Any CPU
		Release|Any CPU = Release|Any CPU
	EndGlobalSection
	GlobalSection(ProjectConfigurationPlatforms) = postSolution
		{028DC69B-1AE0-4FA0-94F2-BFFDAAD917C9}.Debug|Any CPU.ActiveCfg = Debug|Any CPU
		{028DC69B-1AE0-4FA0-94F2-BFFDAAD917C9}.Debug|Any CPU.Build.0 = Debug|Any CPU
		{028DC69B-1AE0-4FA0-94F2-BFFDAAD917C9}.Release|Any CPU.ActiveCfg = Release|Any CPU
		{028DC69B-1AE0-4FA0-94F2-BFFDAAD917C9}.Release|Any CPU.Build.0 = Release|Any CPU
	EndGlobalSection
	GlobalSection(SolutionProperties) = preSolution
		HideSolutionNode = FALSE
	EndGlobalSection
	GlobalSection(ExtensibilityGlobals) = postSolution
		SolutionGuid = {B732096B-0CBC-4962-AFD4-7958BBD3B47A}
	EndGlobalSection
EndGlobal
